
Microsoft Visual Studio Solution File, Format Version 12.00
# Visual Studio Version 17
VisualStudioVersion = 17.4.33213.308
MinimumVisualStudioVersion = 10.0.40219.1
Project("{9A19103F-16F7-4668-BE54-9A1E7A4F7556}") = "RatableTracker", "RatableTracker\RatableTracker.csproj", "{EFC91929-7F29-43E1-8356-1B35971C0813}"
EndProject
Project("{9A19103F-16F7-4668-BE54-9A1E7A4F7556}") = "GameTrackerWPF", "GameTrackerWPF\GameTrackerWPF.csproj", "{1F6024E5-952D-44BF-9121-6F6B8AD871C8}"
EndProject
Project("{9A19103F-16F7-4668-BE54-9A1E7A4F7556}") = "GameTracker", "GameTracker\GameTracker.csproj", "{B7353132-A9AF-4E34-B7F4-93D622E6E82C}"
EndProject
Project("{9A19103F-16F7-4668-BE54-9A1E7A4F7556}") = "GameTrackerMAUI", "GameTrackerMAUI\GameTrackerMAUI.csproj", "{548AD43D-5B78-4292-A780-6F0630A0624C}"
EndProject
Global
	GlobalSection(SolutionConfigurationPlatforms) = preSolution
		Debug|Any CPU = Debug|Any CPU
		Debug|iPhone = Debug|iPhone
		Debug|iPhoneSimulator = Debug|iPhoneSimulator
		Release|Any CPU = Release|Any CPU
		Release|iPhone = Release|iPhone
		Release|iPhoneSimulator = Release|iPhoneSimulator
	EndGlobalSection
	GlobalSection(ProjectConfigurationPlatforms) = postSolution
		{EFC91929-7F29-43E1-8356-1B35971C0813}.Debug|Any CPU.ActiveCfg = Debug|Any CPU
		{EFC91929-7F29-43E1-8356-1B35971C0813}.Debug|Any CPU.Build.0 = Debug|Any CPU
		{EFC91929-7F29-43E1-8356-1B35971C0813}.Debug|iPhone.ActiveCfg = Debug|Any CPU
		{EFC91929-7F29-43E1-8356-1B35971C0813}.Debug|iPhone.Build.0 = Debug|Any CPU
		{EFC91929-7F29-43E1-8356-1B35971C0813}.Debug|iPhoneSimulator.ActiveCfg = Debug|Any CPU
		{EFC91929-7F29-43E1-8356-1B35971C0813}.Debug|iPhoneSimulator.Build.0 = Debug|Any CPU
		{EFC91929-7F29-43E1-8356-1B35971C0813}.Release|Any CPU.ActiveCfg = Release|Any CPU
		{EFC91929-7F29-43E1-8356-1B35971C0813}.Release|Any CPU.Build.0 = Release|Any CPU
		{EFC91929-7F29-43E1-8356-1B35971C0813}.Release|iPhone.ActiveCfg = Release|Any CPU
		{EFC91929-7F29-43E1-8356-1B35971C0813}.Release|iPhone.Build.0 = Release|Any CPU
		{EFC91929-7F29-43E1-8356-1B35971C0813}.Release|iPhoneSimulator.ActiveCfg = Release|Any CPU
		{EFC91929-7F29-43E1-8356-1B35971C0813}.Release|iPhoneSimulator.Build.0 = Release|Any CPU
		{1F6024E5-952D-44BF-9121-6F6B8AD871C8}.Debug|Any CPU.ActiveCfg = Debug|Any CPU
		{1F6024E5-952D-44BF-9121-6F6B8AD871C8}.Debug|Any CPU.Build.0 = Debug|Any CPU
		{1F6024E5-952D-44BF-9121-6F6B8AD871C8}.Debug|iPhone.ActiveCfg = Debug|Any CPU
		{1F6024E5-952D-44BF-9121-6F6B8AD871C8}.Debug|iPhone.Build.0 = Debug|Any CPU
		{1F6024E5-952D-44BF-9121-6F6B8AD871C8}.Debug|iPhoneSimulator.ActiveCfg = Debug|Any CPU
		{1F6024E5-952D-44BF-9121-6F6B8AD871C8}.Debug|iPhoneSimulator.Build.0 = Debug|Any CPU
		{1F6024E5-952D-44BF-9121-6F6B8AD871C8}.Release|Any CPU.ActiveCfg = Release|Any CPU
		{1F6024E5-952D-44BF-9121-6F6B8AD871C8}.Release|Any CPU.Build.0 = Release|Any CPU
		{1F6024E5-952D-44BF-9121-6F6B8AD871C8}.Release|iPhone.ActiveCfg = Release|Any CPU
		{1F6024E5-952D-44BF-9121-6F6B8AD871C8}.Release|iPhone.Build.0 = Release|Any CPU
		{1F6024E5-952D-44BF-9121-6F6B8AD871C8}.Release|iPhoneSimulator.ActiveCfg = Release|Any CPU
		{1F6024E5-952D-44BF-9121-6F6B8AD871C8}.Release|iPhoneSimulator.Build.0 = Release|Any CPU
		{B7353132-A9AF-4E34-B7F4-93D622E6E82C}.Debug|Any CPU.ActiveCfg = Debug|Any CPU
		{B7353132-A9AF-4E34-B7F4-93D622E6E82C}.Debug|Any CPU.Build.0 = Debug|Any CPU
		{B7353132-A9AF-4E34-B7F4-93D622E6E82C}.Debug|iPhone.ActiveCfg = Debug|Any CPU
		{B7353132-A9AF-4E34-B7F4-93D622E6E82C}.Debug|iPhone.Build.0 = Debug|Any CPU
		{B7353132-A9AF-4E34-B7F4-93D622E6E82C}.Debug|iPhoneSimulator.ActiveCfg = Debug|Any CPU
		{B7353132-A9AF-4E34-B7F4-93D622E6E82C}.Debug|iPhoneSimulator.Build.0 = Debug|Any CPU
		{B7353132-A9AF-4E34-B7F4-93D622E6E82C}.Release|Any CPU.ActiveCfg = Release|Any CPU
		{B7353132-A9AF-4E34-B7F4-93D622E6E82C}.Release|Any CPU.Build.0 = Release|Any CPU
		{B7353132-A9AF-4E34-B7F4-93D622E6E82C}.Release|iPhone.ActiveCfg = Release|Any CPU
		{B7353132-A9AF-4E34-B7F4-93D622E6E82C}.Release|iPhone.Build.0 = Release|Any CPU
		{B7353132-A9AF-4E34-B7F4-93D622E6E82C}.Release|iPhoneSimulator.ActiveCfg = Release|Any CPU
		{B7353132-A9AF-4E34-B7F4-93D622E6E82C}.Release|iPhoneSimulator.Build.0 = Release|Any CPU
		{548AD43D-5B78-4292-A780-6F0630A0624C}.Debug|Any CPU.ActiveCfg = Debug|Any CPU
		{548AD43D-5B78-4292-A780-6F0630A0624C}.Debug|Any CPU.Build.0 = Debug|Any CPU
		{548AD43D-5B78-4292-A780-6F0630A0624C}.Debug|Any CPU.Deploy.0 = Debug|Any CPU
		{548AD43D-5B78-4292-A780-6F0630A0624C}.Debug|iPhone.ActiveCfg = Debug|Any CPU
		{548AD43D-5B78-4292-A780-6F0630A0624C}.Debug|iPhone.Build.0 = Debug|Any CPU
		{548AD43D-5B78-4292-A780-6F0630A0624C}.Debug|iPhone.Deploy.0 = Debug|Any CPU
		{548AD43D-5B78-4292-A780-6F0630A0624C}.Debug|iPhoneSimulator.ActiveCfg = Debug|Any CPU
		{548AD43D-5B78-4292-A780-6F0630A0624C}.Debug|iPhoneSimulator.Build.0 = Debug|Any CPU
		{548AD43D-5B78-4292-A780-6F0630A0624C}.Debug|iPhoneSimulator.Deploy.0 = Debug|Any CPU
		{548AD43D-5B78-4292-A780-6F0630A0624C}.Release|Any CPU.ActiveCfg = Release|Any CPU
		{548AD43D-5B78-4292-A780-6F0630A0624C}.Release|Any CPU.Build.0 = Release|Any CPU
		{548AD43D-5B78-4292-A780-6F0630A0624C}.Release|Any CPU.Deploy.0 = Release|Any CPU
		{548AD43D-5B78-4292-A780-6F0630A0624C}.Release|iPhone.ActiveCfg = Release|Any CPU
		{548AD43D-5B78-4292-A780-6F0630A0624C}.Release|iPhone.Build.0 = Release|Any CPU
		{548AD43D-5B78-4292-A780-6F0630A0624C}.Release|iPhone.Deploy.0 = Release|Any CPU
		{548AD43D-5B78-4292-A780-6F0630A0624C}.Release|iPhoneSimulator.ActiveCfg = Release|Any CPU
		{548AD43D-5B78-4292-A780-6F0630A0624C}.Release|iPhoneSimulator.Build.0 = Release|Any CPU
		{548AD43D-5B78-4292-A780-6F0630A0624C}.Release|iPhoneSimulator.Deploy.0 = Release|Any CPU
	EndGlobalSection
	GlobalSection(SolutionProperties) = preSolution
		HideSolutionNode = FALSE
	EndGlobalSection
	GlobalSection(ExtensibilityGlobals) = postSolution
		SolutionGuid = {56813A70-7D95-48AD-84E6-E693C0C1C49F}
	EndGlobalSection
EndGlobal
